{
  "name": "vote-for-fun-components",
  "version": "1.0.0",
  "lockfileVersion": 1,
  "requires": true,
  "dependencies": {
    "@babel/runtime": {
      "version": "7.3.1",
      "resolved": "https://registry.npmjs.org/@babel/runtime/-/runtime-7.3.1.tgz",
      "integrity": "sha512-7jGW8ppV0ant637pIqAcFfQDDH1orEPGJb8aXfUozuCU3QqX7rX4DA8iwrbPrR1hcH0FTTHz47yQnk+bl5xHQA==",
      "dev": true,
      "requires": {
        "regenerator-runtime": "^0.12.0"
      }
    },
    "@types/prop-types": {
      "version": "15.5.9",
      "resolved": "https://registry.npmjs.org/@types/prop-types/-/prop-types-15.5.9.tgz",
      "integrity": "sha512-Nha5b+jmBI271jdTMwrHiNXM+DvThjHOfyZtMX9kj/c/LUj2xiLHsG/1L3tJ8DjAoQN48cHwUwtqBotjyXaSdQ==",
      "dev": true
    },
    "@types/react": {
      "version": "16.8.3",
      "resolved": "https://registry.npmjs.org/@types/react/-/react-16.8.3.tgz",
      "integrity": "sha512-PjPocAxL9SNLjYMP4dfOShW/rj9FDBJGu3JFRt0zEYf77xfihB6fq8zfDpMrV6s82KnAi7F1OEe5OsQX25Ybdw==",
      "dev": true,
      "requires": {
        "@types/prop-types": "*",
        "csstype": "^2.2.0"
      }
    },
    "@types/react-native": {
      "version": "0.57.36",
      "resolved": "https://registry.npmjs.org/@types/react-native/-/react-native-0.57.36.tgz",
      "integrity": "sha512-6u2WWupQ+mVRsICZqiy3BCGi9vivluhut/+Z1dbjXKn9ms9MrCVvnyQ0jyooqhtmtRzquH6mYYNYArGYdEajjg==",
      "dev": true,
      "requires": {
        "@types/prop-types": "*",
        "@types/react": "*"
      }
    },
    "csstype": {
      "version": "2.6.2",
      "resolved": "https://registry.npmjs.org/csstype/-/csstype-2.6.2.tgz",
      "integrity": "sha512-Rl7PvTae0pflc1YtxtKbiSqq20Ts6vpIYOD5WBafl4y123DyHUeLrRdQP66sQW8/6gmX8jrYJLXwNeMqYVJcow==",
      "dev": true
    },
    "regenerator-runtime": {
      "version": "0.12.1",
      "resolved": "https://registry.npmjs.org/regenerator-runtime/-/regenerator-runtime-0.12.1.tgz",
      "integrity": "sha512-odxIc1/vDlo4iZcfXqRYFj0vpXFNoGdKMAUieAlFYO6m/nl5e9KR/beGf41z4a1FI+aQgtjhuaSlDxQ0hmkrHg==",
      "dev": true
    }
  }
}
